// !$*UTF8*$!
{
	archiveVersion = 1;
	classes = {
	};
	objectVersion = 46;
	objects = {

/* Begin PBXBuildFile section */
		DD04098819A5DE390003476F /* libsqlite3.0.dylib in Frameworks */ = {isa = PBXBuildFile; fileRef = DD04098719A5DE390003476F /* libsqlite3.0.dylib */; };
		DD0915E519B0B58200169C83 /* wfuLogo.png in Resources */ = {isa = PBXBuildFile; fileRef = DD0915E319B0B58200169C83 /* wfuLogo.png */; };
		DD0915E619B0B58200169C83 /* wfuLogo@2x.png in Resources */ = {isa = PBXBuildFile; fileRef = DD0915E419B0B58200169C83 /* wfuLogo@2x.png */; };
		DD0EB70A198FE5DD00A238AB /* RTWrouteInformation.m in Sources */ = {isa = PBXBuildFile; fileRef = DD0EB709198FE5DD00A238AB /* RTWrouteInformation.m */; };
		DD8D668319B444490030B6B8 /* RTWShuttleCoordinatesDelegate.m in Sources */ = {isa = PBXBuildFile; fileRef = DD8D668219B444490030B6B8 /* RTWShuttleCoordinatesDelegate.m */; };
		DD8D668719B4450B0030B6B8 /* RTWShuttleInfoDelegate.m in Sources */ = {isa = PBXBuildFile; fileRef = DD8D668619B4450B0030B6B8 /* RTWShuttleInfoDelegate.m */; };
		DD8D668A19B454FA0030B6B8 /* RTWShuttleStopsDelegate.m in Sources */ = {isa = PBXBuildFile; fileRef = DD8D668919B454FA0030B6B8 /* RTWShuttleStopsDelegate.m */; };
		DD8D668D19B4551A0030B6B8 /* RTWShuttleStop.m in Sources */ = {isa = PBXBuildFile; fileRef = DD8D668C19B4551A0030B6B8 /* RTWShuttleStop.m */; };
		DDA1208819B1735B0045C1B1 /* blackShuttleIcon.png in Resources */ = {isa = PBXBuildFile; fileRef = DDA1208619B1735B0045C1B1 /* blackShuttleIcon.png */; };
		DDA1208919B1735B0045C1B1 /* blackShuttleIcon@2x.png in Resources */ = {isa = PBXBuildFile; fileRef = DDA1208719B1735B0045C1B1 /* blackShuttleIcon@2x.png */; };
		DDA1208C19B173E70045C1B1 /* grayShuttleIcon.png in Resources */ = {isa = PBXBuildFile; fileRef = DDA1208A19B173E70045C1B1 /* grayShuttleIcon.png */; };
		DDA1208D19B173E70045C1B1 /* grayShuttleIcon@2x.png in Resources */ = {isa = PBXBuildFile; fileRef = DDA1208B19B173E70045C1B1 /* grayShuttleIcon@2x.png */; };
		DDA1209019B174870045C1B1 /* goldShuttleIcon.png in Resources */ = {isa = PBXBuildFile; fileRef = DDA1208E19B174870045C1B1 /* goldShuttleIcon.png */; };
		DDA1209119B174870045C1B1 /* goldShuttleIcon@2x.png in Resources */ = {isa = PBXBuildFile; fileRef = DDA1208F19B174870045C1B1 /* goldShuttleIcon@2x.png */; };
		DDA1209419B175B40045C1B1 /* hanesShuttleIcon.png in Resources */ = {isa = PBXBuildFile; fileRef = DDA1209219B175B40045C1B1 /* hanesShuttleIcon.png */; };
		DDA1209519B175B40045C1B1 /* hanesShuttleIcon@2x.png in Resources */ = {isa = PBXBuildFile; fileRef = DDA1209319B175B40045C1B1 /* hanesShuttleIcon@2x.png */; };
		DDA1209819B176420045C1B1 /* freshmenShuttleIcon.png in Resources */ = {isa = PBXBuildFile; fileRef = DDA1209619B176420045C1B1 /* freshmenShuttleIcon.png */; };
		DDA1209919B176420045C1B1 /* freshmenShuttleIcon@2x.png in Resources */ = {isa = PBXBuildFile; fileRef = DDA1209719B176420045C1B1 /* freshmenShuttleIcon@2x.png */; };
		DDA1209C19B176E90045C1B1 /* downtownShuttleIcon.png in Resources */ = {isa = PBXBuildFile; fileRef = DDA1209A19B176E90045C1B1 /* downtownShuttleIcon.png */; };
		DDA1209D19B176E90045C1B1 /* downtownShuttleIcon@2x.png in Resources */ = {isa = PBXBuildFile; fileRef = DDA1209B19B176E90045C1B1 /* downtownShuttleIcon@2x.png */; };
		DDDB04F319817DA00074DC96 /* Foundation.framework in Frameworks */ = {isa = PBXBuildFile; fileRef = DDDB04F219817DA00074DC96 /* Foundation.framework */; };
		DDDB04F519817DA00074DC96 /* CoreGraphics.framework in Frameworks */ = {isa = PBXBuildFile; fileRef = DDDB04F419817DA00074DC96 /* CoreGraphics.framework */; };
		DDDB04F719817DA00074DC96 /* UIKit.framework in Frameworks */ = {isa = PBXBuildFile; fileRef = DDDB04F619817DA00074DC96 /* UIKit.framework */; };
		DDDB04FD19817DA00074DC96 /* InfoPlist.strings in Resources */ = {isa = PBXBuildFile; fileRef = DDDB04FB19817DA00074DC96 /* InfoPlist.strings */; };
		DDDB04FF19817DA00074DC96 /* main.m in Sources */ = {isa = PBXBuildFile; fileRef = DDDB04FE19817DA00074DC96 /* main.m */; };
		DDDB050319817DA00074DC96 /* RTWAppDelegate.m in Sources */ = {isa = PBXBuildFile; fileRef = DDDB050219817DA00074DC96 /* RTWAppDelegate.m */; };
		DDDB050619817DA00074DC96 /* Main.storyboard in Resources */ = {isa = PBXBuildFile; fileRef = DDDB050419817DA00074DC96 /* Main.storyboard */; };
		DDDB051219817DA00074DC96 /* XCTest.framework in Frameworks */ = {isa = PBXBuildFile; fileRef = DDDB051119817DA00074DC96 /* XCTest.framework */; };
		DDDB051319817DA00074DC96 /* Foundation.framework in Frameworks */ = {isa = PBXBuildFile; fileRef = DDDB04F219817DA00074DC96 /* Foundation.framework */; };
		DDDB051419817DA00074DC96 /* UIKit.framework in Frameworks */ = {isa = PBXBuildFile; fileRef = DDDB04F619817DA00074DC96 /* UIKit.framework */; };
		DDDB051C19817DA00074DC96 /* InfoPlist.strings in Resources */ = {isa = PBXBuildFile; fileRef = DDDB051A19817DA00074DC96 /* InfoPlist.strings */; };
		DDDB051E19817DA00074DC96 /* RideTheWakeTests.m in Sources */ = {isa = PBXBuildFile; fileRef = DDDB051D19817DA00074DC96 /* RideTheWakeTests.m */; };
		DDDB052D19817E170074DC96 /* RTWmapViewController.m in Sources */ = {isa = PBXBuildFile; fileRef = DDDB052C19817E170074DC96 /* RTWmapViewController.m */; };
		DDDF002219C3F0DB00D19EAA /* RTWLaunchImage.png in Resources */ = {isa = PBXBuildFile; fileRef = DDDF002019C3F0DB00D19EAA /* RTWLaunchImage.png */; };
		DDDF002319C3F0DB00D19EAA /* RTWLaunchImage@2x.png in Resources */ = {isa = PBXBuildFile; fileRef = DDDF002119C3F0DB00D19EAA /* RTWLaunchImage@2x.png */; };
		DDDF002C19C3FCC400D19EAA /* blackShuttleMarker.png in Resources */ = {isa = PBXBuildFile; fileRef = DDDF002519C3FCC400D19EAA /* blackShuttleMarker.png */; };
		DDDF002D19C3FCC400D19EAA /* downtownShuttleMarker.png in Resources */ = {isa = PBXBuildFile; fileRef = DDDF002619C3FCC400D19EAA /* downtownShuttleMarker.png */; };
		DDDF002E19C3FCC400D19EAA /* freshmenShuttleMarker.png in Resources */ = {isa = PBXBuildFile; fileRef = DDDF002719C3FCC400D19EAA /* freshmenShuttleMarker.png */; };
		DDDF002F19C3FCC400D19EAA /* goldShuttleMarker.png in Resources */ = {isa = PBXBuildFile; fileRef = DDDF002819C3FCC400D19EAA /* goldShuttleMarker.png */; };
		DDDF003019C3FCC400D19EAA /* grayDayShuttleMarker.png in Resources */ = {isa = PBXBuildFile; fileRef = DDDF002919C3FCC400D19EAA /* grayDayShuttleMarker.png */; };
		DDDF003119C3FCC400D19EAA /* grayNightShuttleMarker.png in Resources */ = {isa = PBXBuildFile; fileRef = DDDF002A19C3FCC400D19EAA /* grayNightShuttleMarker.png */; };
		DDDF003219C3FCC400D19EAA /* hanesShuttleMarker.png in Resources */ = {isa = PBXBuildFile; fileRef = DDDF002B19C3FCC400D19EAA /* hanesShuttleMarker.png */; };
		DDDF003A19C4030200D19EAA /* Images.xcassets in Resources */ = {isa = PBXBuildFile; fileRef = DDDF003919C4030200D19EAA /* Images.xcassets */; };
		DDE48D161993CBD200581DF9 /* libGoogleAnalyticsServices.a in Frameworks */ = {isa = PBXBuildFile; fileRef = DDE48D151993CBD200581DF9 /* libGoogleAnalyticsServices.a */; };
		DDE48E411993D6BD00581DF9 /* GoogleMaps.framework in Frameworks */ = {isa = PBXBuildFile; fileRef = DDE48E401993D6BD00581DF9 /* GoogleMaps.framework */; };
		DDE48E431993D6D900581DF9 /* GoogleMaps.bundle in Resources */ = {isa = PBXBuildFile; fileRef = DDE48E421993D6D900581DF9 /* GoogleMaps.bundle */; };
		DDE48E441993D75100581DF9 /* AVFoundation.framework in Frameworks */ = {isa = PBXBuildFile; fileRef = DDC0F5351986DE090090ED7D /* AVFoundation.framework */; };
		DDE48E451993D75900581DF9 /* CoreData.framework in Frameworks */ = {isa = PBXBuildFile; fileRef = DDC0F5371986DE130090ED7D /* CoreData.framework */; };
		DDE48E461993D76000581DF9 /* CoreLocation.framework in Frameworks */ = {isa = PBXBuildFile; fileRef = DDDB052919817DB20074DC96 /* CoreLocation.framework */; };
		DDE48E471993D76600581DF9 /* CoreText.framework in Frameworks */ = {isa = PBXBuildFile; fileRef = DDC0F5391986DE1D0090ED7D /* CoreText.framework */; };
		DDE48E481993D76D00581DF9 /* GLKit.framework in Frameworks */ = {isa = PBXBuildFile; fileRef = DDC0F53B1986DE260090ED7D /* GLKit.framework */; };
		DDE48E491993D77400581DF9 /* ImageIO.framework in Frameworks */ = {isa = PBXBuildFile; fileRef = DDC0F53D1986DE300090ED7D /* ImageIO.framework */; };
		DDE48E4A1993D77E00581DF9 /* libc++.dylib in Frameworks */ = {isa = PBXBuildFile; fileRef = DDC0F53F1986DE540090ED7D /* libc++.dylib */; };
		DDE48E4B1993D78800581DF9 /* libicucore.dylib in Frameworks */ = {isa = PBXBuildFile; fileRef = DDC0F5411986DE5F0090ED7D /* libicucore.dylib */; };
		DDE48E4C1993D78F00581DF9 /* libz.dylib in Frameworks */ = {isa = PBXBuildFile; fileRef = DDC0F5431986DE6B0090ED7D /* libz.dylib */; };
		DDE48E4D1993D79400581DF9 /* OpenGLES.framework in Frameworks */ = {isa = PBXBuildFile; fileRef = DDC0F5451986DE740090ED7D /* OpenGLES.framework */; };
		DDE48E4E1993D79A00581DF9 /* QuartzCore.framework in Frameworks */ = {isa = PBXBuildFile; fileRef = DDC0F5471986DE7D0090ED7D /* QuartzCore.framework */; };
		DDE48E4F1993D7A200581DF9 /* SystemConfiguration.framework in Frameworks */ = {isa = PBXBuildFile; fileRef = DDC0F5491986DE860090ED7D /* SystemConfiguration.framework */; };
		DDF0C65E198810CD003DE935 /* RTWmainTableViewController.m in Sources */ = {isa = PBXBuildFile; fileRef = DDF0C65D198810CD003DE935 /* RTWmainTableViewController.m */; };
		DDF0C6611988200C003DE935 /* RTWrouteTableViewCell.m in Sources */ = {isa = PBXBuildFile; fileRef = DDF0C6601988200C003DE935 /* RTWrouteTableViewCell.m */; };
		DDF0C664198821D4003DE935 /* RTWscheduleTableViewController.m in Sources */ = {isa = PBXBuildFile; fileRef = DDF0C663198821D4003DE935 /* RTWscheduleTableViewController.m */; };
		DDF0C6A4198841B3003DE935 /* RTWtimeTableViewCell.m in Sources */ = {isa = PBXBuildFile; fileRef = DDF0C6A3198841B3003DE935 /* RTWtimeTableViewCell.m */; };
		DDFC4DA019A8C1DC0045CEAC /* RTWAppIcon-58.png in Resources */ = {isa = PBXBuildFile; fileRef = DDFC4D9C19A8C1DC0045CEAC /* RTWAppIcon-58.png */; };
		DDFC4DA119A8C1DC0045CEAC /* RTWAppIcon-80.png in Resources */ = {isa = PBXBuildFile; fileRef = DDFC4D9D19A8C1DC0045CEAC /* RTWAppIcon-80.png */; };
		DDFC4DA219A8C1DC0045CEAC /* RTWAppIcon-120.png in Resources */ = {isa = PBXBuildFile; fileRef = DDFC4D9E19A8C1DC0045CEAC /* RTWAppIcon-120.png */; };
		DDFC4DA319A8C1DC0045CEAC /* RTWAppIcon-1024.png in Resources */ = {isa = PBXBuildFile; fileRef = DDFC4D9F19A8C1DC0045CEAC /* RTWAppIcon-1024.png */; };
/* End PBXBuildFile section */

/* Begin PBXContainerItemProxy section */
		DDDB051519817DA00074DC96 /* PBXContainerItemProxy */ = {
			isa = PBXContainerItemProxy;
			containerPortal = DDDB04E719817DA00074DC96 /* Project object */;
			proxyType = 1;
			remoteGlobalIDString = DDDB04EE19817DA00074DC96;
			remoteInfo = RideTheWake;
		};
/* End PBXContainerItemProxy section */

/* Begin PBXFileReference section */
		DD04098719A5DE390003476F /* libsqlite3.0.dylib */ = {isa = PBXFileReference; lastKnownFileType = "compiled.mach-o.dylib"; name = libsqlite3.0.dylib; path = usr/lib/libsqlite3.0.dylib; sourceTree = SDKROOT; };
		DD0915E319B0B58200169C83 /* wfuLogo.png */ = {isa = PBXFileReference; lastKnownFileType = image.png; path = wfuLogo.png; sourceTree = "<group>"; };
		DD0915E419B0B58200169C83 /* wfuLogo@2x.png */ = {isa = PBXFileReference; lastKnownFileType = image.png; path = "wfuLogo@2x.png"; sourceTree = "<group>"; };
		DD0EB708198FE5DD00A238AB /* RTWrouteInformation.h */ = {isa = PBXFileReference; fileEncoding = 4; lastKnownFileType = sourcecode.c.h; path = RTWrouteInformation.h; sourceTree = "<group>"; };
		DD0EB709198FE5DD00A238AB /* RTWrouteInformation.m */ = {isa = PBXFileReference; fileEncoding = 4; lastKnownFileType = sourcecode.c.objc; path = RTWrouteInformation.m; sourceTree = "<group>"; };
		DD8D668119B444490030B6B8 /* RTWShuttleCoordinatesDelegate.h */ = {isa = PBXFileReference; fileEncoding = 4; lastKnownFileType = sourcecode.c.h; path = RTWShuttleCoordinatesDelegate.h; sourceTree = "<group>"; };
		DD8D668219B444490030B6B8 /* RTWShuttleCoordinatesDelegate.m */ = {isa = PBXFileReference; fileEncoding = 4; lastKnownFileType = sourcecode.c.objc; path = RTWShuttleCoordinatesDelegate.m; sourceTree = "<group>"; };
		DD8D668519B4450B0030B6B8 /* RTWShuttleInfoDelegate.h */ = {isa = PBXFileReference; fileEncoding = 4; lastKnownFileType = sourcecode.c.h; path = RTWShuttleInfoDelegate.h; sourceTree = "<group>"; };
		DD8D668619B4450B0030B6B8 /* RTWShuttleInfoDelegate.m */ = {isa = PBXFileReference; fileEncoding = 4; lastKnownFileType = sourcecode.c.objc; path = RTWShuttleInfoDelegate.m; sourceTree = "<group>"; };
		DD8D668819B454FA0030B6B8 /* RTWShuttleStopsDelegate.h */ = {isa = PBXFileReference; fileEncoding = 4; lastKnownFileType = sourcecode.c.h; path = RTWShuttleStopsDelegate.h; sourceTree = "<group>"; };
		DD8D668919B454FA0030B6B8 /* RTWShuttleStopsDelegate.m */ = {isa = PBXFileReference; fileEncoding = 4; lastKnownFileType = sourcecode.c.objc; path = RTWShuttleStopsDelegate.m; sourceTree = "<group>"; };
		DD8D668B19B4551A0030B6B8 /* RTWShuttleStop.h */ = {isa = PBXFileReference; fileEncoding = 4; lastKnownFileType = sourcecode.c.h; path = RTWShuttleStop.h; sourceTree = "<group>"; };
		DD8D668C19B4551A0030B6B8 /* RTWShuttleStop.m */ = {isa = PBXFileReference; fileEncoding = 4; lastKnownFileType = sourcecode.c.objc; path = RTWShuttleStop.m; sourceTree = "<group>"; };
		DDA1208619B1735B0045C1B1 /* blackShuttleIcon.png */ = {isa = PBXFileReference; lastKnownFileType = image.png; path = blackShuttleIcon.png; sourceTree = "<group>"; };
		DDA1208719B1735B0045C1B1 /* blackShuttleIcon@2x.png */ = {isa = PBXFileReference; lastKnownFileType = image.png; path = "blackShuttleIcon@2x.png"; sourceTree = "<group>"; };
		DDA1208A19B173E70045C1B1 /* grayShuttleIcon.png */ = {isa = PBXFileReference; lastKnownFileType = image.png; path = grayShuttleIcon.png; sourceTree = "<group>"; };
		DDA1208B19B173E70045C1B1 /* grayShuttleIcon@2x.png */ = {isa = PBXFileReference; lastKnownFileType = image.png; path = "grayShuttleIcon@2x.png"; sourceTree = "<group>"; };
		DDA1208E19B174870045C1B1 /* goldShuttleIcon.png */ = {isa = PBXFileReference; lastKnownFileType = image.png; path = goldShuttleIcon.png; sourceTree = "<group>"; };
		DDA1208F19B174870045C1B1 /* goldShuttleIcon@2x.png */ = {isa = PBXFileReference; lastKnownFileType = image.png; path = "goldShuttleIcon@2x.png"; sourceTree = "<group>"; };
		DDA1209219B175B40045C1B1 /* hanesShuttleIcon.png */ = {isa = PBXFileReference; lastKnownFileType = image.png; path = hanesShuttleIcon.png; sourceTree = "<group>"; };
		DDA1209319B175B40045C1B1 /* hanesShuttleIcon@2x.png */ = {isa = PBXFileReference; lastKnownFileType = image.png; path = "hanesShuttleIcon@2x.png"; sourceTree = "<group>"; };
		DDA1209619B176420045C1B1 /* freshmenShuttleIcon.png */ = {isa = PBXFileReference; lastKnownFileType = image.png; path = freshmenShuttleIcon.png; sourceTree = "<group>"; };
		DDA1209719B176420045C1B1 /* freshmenShuttleIcon@2x.png */ = {isa = PBXFileReference; lastKnownFileType = image.png; path = "freshmenShuttleIcon@2x.png"; sourceTree = "<group>"; };
		DDA1209A19B176E90045C1B1 /* downtownShuttleIcon.png */ = {isa = PBXFileReference; lastKnownFileType = image.png; path = downtownShuttleIcon.png; sourceTree = "<group>"; };
		DDA1209B19B176E90045C1B1 /* downtownShuttleIcon@2x.png */ = {isa = PBXFileReference; lastKnownFileType = image.png; path = "downtownShuttleIcon@2x.png"; sourceTree = "<group>"; };
		DDC0F5351986DE090090ED7D /* AVFoundation.framework */ = {isa = PBXFileReference; lastKnownFileType = wrapper.framework; name = AVFoundation.framework; path = System/Library/Frameworks/AVFoundation.framework; sourceTree = SDKROOT; };
		DDC0F5371986DE130090ED7D /* CoreData.framework */ = {isa = PBXFileReference; lastKnownFileType = wrapper.framework; name = CoreData.framework; path = System/Library/Frameworks/CoreData.framework; sourceTree = SDKROOT; };
		DDC0F5391986DE1D0090ED7D /* CoreText.framework */ = {isa = PBXFileReference; lastKnownFileType = wrapper.framework; name = CoreText.framework; path = System/Library/Frameworks/CoreText.framework; sourceTree = SDKROOT; };
		DDC0F53B1986DE260090ED7D /* GLKit.framework */ = {isa = PBXFileReference; lastKnownFileType = wrapper.framework; name = GLKit.framework; path = System/Library/Frameworks/GLKit.framework; sourceTree = SDKROOT; };
		DDC0F53D1986DE300090ED7D /* ImageIO.framework */ = {isa = PBXFileReference; lastKnownFileType = wrapper.framework; name = ImageIO.framework; path = System/Library/Frameworks/ImageIO.framework; sourceTree = SDKROOT; };
		DDC0F53F1986DE540090ED7D /* libc++.dylib */ = {isa = PBXFileReference; lastKnownFileType = "compiled.mach-o.dylib"; name = "libc++.dylib"; path = "usr/lib/libc++.dylib"; sourceTree = SDKROOT; };
		DDC0F5411986DE5F0090ED7D /* libicucore.dylib */ = {isa = PBXFileReference; lastKnownFileType = "compiled.mach-o.dylib"; name = libicucore.dylib; path = usr/lib/libicucore.dylib; sourceTree = SDKROOT; };
		DDC0F5431986DE6B0090ED7D /* libz.dylib */ = {isa = PBXFileReference; lastKnownFileType = "compiled.mach-o.dylib"; name = libz.dylib; path = usr/lib/libz.dylib; sourceTree = SDKROOT; };
		DDC0F5451986DE740090ED7D /* OpenGLES.framework */ = {isa = PBXFileReference; lastKnownFileType = wrapper.framework; name = OpenGLES.framework; path = System/Library/Frameworks/OpenGLES.framework; sourceTree = SDKROOT; };
		DDC0F5471986DE7D0090ED7D /* QuartzCore.framework */ = {isa = PBXFileReference; lastKnownFileType = wrapper.framework; name = QuartzCore.framework; path = System/Library/Frameworks/QuartzCore.framework; sourceTree = SDKROOT; };
		DDC0F5491986DE860090ED7D /* SystemConfiguration.framework */ = {isa = PBXFileReference; lastKnownFileType = wrapper.framework; name = SystemConfiguration.framework; path = System/Library/Frameworks/SystemConfiguration.framework; sourceTree = SDKROOT; };
		DDDB04EF19817DA00074DC96 /* RideTheWake.app */ = {isa = PBXFileReference; explicitFileType = wrapper.application; includeInIndex = 0; path = RideTheWake.app; sourceTree = BUILT_PRODUCTS_DIR; };
		DDDB04F219817DA00074DC96 /* Foundation.framework */ = {isa = PBXFileReference; lastKnownFileType = wrapper.framework; name = Foundation.framework; path = System/Library/Frameworks/Foundation.framework; sourceTree = SDKROOT; };
		DDDB04F419817DA00074DC96 /* CoreGraphics.framework */ = {isa = PBXFileReference; lastKnownFileType = wrapper.framework; name = CoreGraphics.framework; path = System/Library/Frameworks/CoreGraphics.framework; sourceTree = SDKROOT; };
		DDDB04F619817DA00074DC96 /* UIKit.framework */ = {isa = PBXFileReference; lastKnownFileType = wrapper.framework; name = UIKit.framework; path = System/Library/Frameworks/UIKit.framework; sourceTree = SDKROOT; };
		DDDB04FA19817DA00074DC96 /* RideTheWake-Info.plist */ = {isa = PBXFileReference; lastKnownFileType = text.plist.xml; path = "RideTheWake-Info.plist"; sourceTree = "<group>"; };
		DDDB04FC19817DA00074DC96 /* en */ = {isa = PBXFileReference; lastKnownFileType = text.plist.strings; name = en; path = en.lproj/InfoPlist.strings; sourceTree = "<group>"; };
		DDDB04FE19817DA00074DC96 /* main.m */ = {isa = PBXFileReference; lastKnownFileType = sourcecode.c.objc; path = main.m; sourceTree = "<group>"; };
		DDDB050019817DA00074DC96 /* RideTheWake-Prefix.pch */ = {isa = PBXFileReference; lastKnownFileType = sourcecode.c.h; path = "RideTheWake-Prefix.pch"; sourceTree = "<group>"; };
		DDDB050119817DA00074DC96 /* RTWAppDelegate.h */ = {isa = PBXFileReference; lastKnownFileType = sourcecode.c.h; path = RTWAppDelegate.h; sourceTree = "<group>"; };
		DDDB050219817DA00074DC96 /* RTWAppDelegate.m */ = {isa = PBXFileReference; lastKnownFileType = sourcecode.c.objc; path = RTWAppDelegate.m; sourceTree = "<group>"; };
		DDDB050519817DA00074DC96 /* Base */ = {isa = PBXFileReference; lastKnownFileType = file.storyboard; name = Base; path = Base.lproj/Main.storyboard; sourceTree = "<group>"; };
		DDDB051019817DA00074DC96 /* RideTheWakeTests.xctest */ = {isa = PBXFileReference; explicitFileType = wrapper.cfbundle; includeInIndex = 0; path = RideTheWakeTests.xctest; sourceTree = BUILT_PRODUCTS_DIR; };
		DDDB051119817DA00074DC96 /* XCTest.framework */ = {isa = PBXFileReference; lastKnownFileType = wrapper.framework; name = XCTest.framework; path = Library/Frameworks/XCTest.framework; sourceTree = DEVELOPER_DIR; };
		DDDB051919817DA00074DC96 /* RideTheWakeTests-Info.plist */ = {isa = PBXFileReference; lastKnownFileType = text.plist.xml; path = "RideTheWakeTests-Info.plist"; sourceTree = "<group>"; };
		DDDB051B19817DA00074DC96 /* en */ = {isa = PBXFileReference; lastKnownFileType = text.plist.strings; name = en; path = en.lproj/InfoPlist.strings; sourceTree = "<group>"; };
		DDDB051D19817DA00074DC96 /* RideTheWakeTests.m */ = {isa = PBXFileReference; lastKnownFileType = sourcecode.c.objc; path = RideTheWakeTests.m; sourceTree = "<group>"; };
		DDDB052719817DAC0074DC96 /* MapKit.framework */ = {isa = PBXFileReference; lastKnownFileType = wrapper.framework; name = MapKit.framework; path = System/Library/Frameworks/MapKit.framework; sourceTree = SDKROOT; };
		DDDB052919817DB20074DC96 /* CoreLocation.framework */ = {isa = PBXFileReference; lastKnownFileType = wrapper.framework; name = CoreLocation.framework; path = System/Library/Frameworks/CoreLocation.framework; sourceTree = SDKROOT; };
		DDDB052B19817E170074DC96 /* RTWmapViewController.h */ = {isa = PBXFileReference; fileEncoding = 4; lastKnownFileType = sourcecode.c.h; path = RTWmapViewController.h; sourceTree = "<group>"; };
		DDDB052C19817E170074DC96 /* RTWmapViewController.m */ = {isa = PBXFileReference; fileEncoding = 4; lastKnownFileType = sourcecode.c.objc; path = RTWmapViewController.m; sourceTree = "<group>"; };
		DDDF002019C3F0DB00D19EAA /* RTWLaunchImage.png */ = {isa = PBXFileReference; lastKnownFileType = image.png; path = RTWLaunchImage.png; sourceTree = "<group>"; };
		DDDF002119C3F0DB00D19EAA /* RTWLaunchImage@2x.png */ = {isa = PBXFileReference; lastKnownFileType = image.png; path = "RTWLaunchImage@2x.png"; sourceTree = "<group>"; };
		DDDF002519C3FCC400D19EAA /* blackShuttleMarker.png */ = {isa = PBXFileReference; lastKnownFileType = image.png; path = blackShuttleMarker.png; sourceTree = "<group>"; };
		DDDF002619C3FCC400D19EAA /* downtownShuttleMarker.png */ = {isa = PBXFileReference; lastKnownFileType = image.png; path = downtownShuttleMarker.png; sourceTree = "<group>"; };
		DDDF002719C3FCC400D19EAA /* freshmenShuttleMarker.png */ = {isa = PBXFileReference; lastKnownFileType = image.png; path = freshmenShuttleMarker.png; sourceTree = "<group>"; };
		DDDF002819C3FCC400D19EAA /* goldShuttleMarker.png */ = {isa = PBXFileReference; lastKnownFileType = image.png; path = goldShuttleMarker.png; sourceTree = "<group>"; };
		DDDF002919C3FCC400D19EAA /* grayDayShuttleMarker.png */ = {isa = PBXFileReference; lastKnownFileType = image.png; path = grayDayShuttleMarker.png; sourceTree = "<group>"; };
		DDDF002A19C3FCC400D19EAA /* grayNightShuttleMarker.png */ = {isa = PBXFileReference; lastKnownFileType = image.png; path = grayNightShuttleMarker.png; sourceTree = "<group>"; };
		DDDF002B19C3FCC400D19EAA /* hanesShuttleMarker.png */ = {isa = PBXFileReference; lastKnownFileType = image.png; path = hanesShuttleMarker.png; sourceTree = "<group>"; };
		DDDF003919C4030200D19EAA /* Images.xcassets */ = {isa = PBXFileReference; lastKnownFileType = folder.assetcatalog; path = Images.xcassets; sourceTree = "<group>"; };
		DDE48D0B1993CB8A00581DF9 /* GAI.h */ = {isa = PBXFileReference; lastKnownFileType = sourcecode.c.h; path = GAI.h; sourceTree = "<group>"; };
		DDE48D0C1993CB8A00581DF9 /* GAIDictionaryBuilder.h */ = {isa = PBXFileReference; lastKnownFileType = sourcecode.c.h; path = GAIDictionaryBuilder.h; sourceTree = "<group>"; };
		DDE48D0D1993CB8A00581DF9 /* GAIEcommerceFields.h */ = {isa = PBXFileReference; lastKnownFileType = sourcecode.c.h; path = GAIEcommerceFields.h; sourceTree = "<group>"; };
		DDE48D0E1993CB8A00581DF9 /* GAIEcommerceProduct.h */ = {isa = PBXFileReference; lastKnownFileType = sourcecode.c.h; path = GAIEcommerceProduct.h; sourceTree = "<group>"; };
		DDE48D0F1993CB8A00581DF9 /* GAIEcommerceProductAction.h */ = {isa = PBXFileReference; lastKnownFileType = sourcecode.c.h; path = GAIEcommerceProductAction.h; sourceTree = "<group>"; };
		DDE48D101993CB8A00581DF9 /* GAIEcommercePromotion.h */ = {isa = PBXFileReference; lastKnownFileType = sourcecode.c.h; path = GAIEcommercePromotion.h; sourceTree = "<group>"; };
		DDE48D111993CB8A00581DF9 /* GAIFields.h */ = {isa = PBXFileReference; lastKnownFileType = sourcecode.c.h; path = GAIFields.h; sourceTree = "<group>"; };
		DDE48D121993CB8A00581DF9 /* GAILogger.h */ = {isa = PBXFileReference; lastKnownFileType = sourcecode.c.h; path = GAILogger.h; sourceTree = "<group>"; };
		DDE48D131993CB8A00581DF9 /* GAITrackedViewController.h */ = {isa = PBXFileReference; lastKnownFileType = sourcecode.c.h; path = GAITrackedViewController.h; sourceTree = "<group>"; };
		DDE48D141993CB8A00581DF9 /* GAITracker.h */ = {isa = PBXFileReference; lastKnownFileType = sourcecode.c.h; path = GAITracker.h; sourceTree = "<group>"; };
		DDE48D151993CBD200581DF9 /* libGoogleAnalyticsServices.a */ = {isa = PBXFileReference; lastKnownFileType = archive.ar; path = libGoogleAnalyticsServices.a; sourceTree = "<group>"; };
		DDE48E401993D6BD00581DF9 /* GoogleMaps.framework */ = {isa = PBXFileReference; lastKnownFileType = wrapper.framework; path = GoogleMaps.framework; sourceTree = "<group>"; };
		DDE48E421993D6D900581DF9 /* GoogleMaps.bundle */ = {isa = PBXFileReference; lastKnownFileType = "wrapper.plug-in"; name = GoogleMaps.bundle; path = GoogleMaps.framework/Versions/A/Resources/GoogleMaps.bundle; sourceTree = "<group>"; };
		DDF0C65C198810CD003DE935 /* RTWmainTableViewController.h */ = {isa = PBXFileReference; fileEncoding = 4; lastKnownFileType = sourcecode.c.h; path = RTWmainTableViewController.h; sourceTree = "<group>"; };
		DDF0C65D198810CD003DE935 /* RTWmainTableViewController.m */ = {isa = PBXFileReference; fileEncoding = 4; lastKnownFileType = sourcecode.c.objc; path = RTWmainTableViewController.m; sourceTree = "<group>"; };
		DDF0C65F1988200C003DE935 /* RTWrouteTableViewCell.h */ = {isa = PBXFileReference; fileEncoding = 4; lastKnownFileType = sourcecode.c.h; path = RTWrouteTableViewCell.h; sourceTree = "<group>"; };
		DDF0C6601988200C003DE935 /* RTWrouteTableViewCell.m */ = {isa = PBXFileReference; fileEncoding = 4; lastKnownFileType = sourcecode.c.objc; path = RTWrouteTableViewCell.m; sourceTree = "<group>"; };
		DDF0C662198821D4003DE935 /* RTWscheduleTableViewController.h */ = {isa = PBXFileReference; fileEncoding = 4; lastKnownFileType = sourcecode.c.h; path = RTWscheduleTableViewController.h; sourceTree = "<group>"; };
		DDF0C663198821D4003DE935 /* RTWscheduleTableViewController.m */ = {isa = PBXFileReference; fileEncoding = 4; lastKnownFileType = sourcecode.c.objc; path = RTWscheduleTableViewController.m; sourceTree = "<group>"; };
		DDF0C6A2198841B3003DE935 /* RTWtimeTableViewCell.h */ = {isa = PBXFileReference; fileEncoding = 4; lastKnownFileType = sourcecode.c.h; path = RTWtimeTableViewCell.h; sourceTree = "<group>"; };
		DDF0C6A3198841B3003DE935 /* RTWtimeTableViewCell.m */ = {isa = PBXFileReference; fileEncoding = 4; lastKnownFileType = sourcecode.c.objc; path = RTWtimeTableViewCell.m; sourceTree = "<group>"; };
		DDFC4D9C19A8C1DC0045CEAC /* RTWAppIcon-58.png */ = {isa = PBXFileReference; lastKnownFileType = image.png; path = "RTWAppIcon-58.png"; sourceTree = "<group>"; };
		DDFC4D9D19A8C1DC0045CEAC /* RTWAppIcon-80.png */ = {isa = PBXFileReference; lastKnownFileType = image.png; path = "RTWAppIcon-80.png"; sourceTree = "<group>"; };
		DDFC4D9E19A8C1DC0045CEAC /* RTWAppIcon-120.png */ = {isa = PBXFileReference; lastKnownFileType = image.png; path = "RTWAppIcon-120.png"; sourceTree = "<group>"; };
		DDFC4D9F19A8C1DC0045CEAC /* RTWAppIcon-1024.png */ = {isa = PBXFileReference; lastKnownFileType = image.png; path = "RTWAppIcon-1024.png"; sourceTree = "<group>"; };
/* End PBXFileReference section */

/* Begin PBXFrameworksBuildPhase section */
		DDDB04EC19817DA00074DC96 /* Frameworks */ = {
			isa = PBXFrameworksBuildPhase;
			buildActionMask = 2147483647;
			files = (
				DD04098819A5DE390003476F /* libsqlite3.0.dylib in Frameworks */,
				DDE48E4F1993D7A200581DF9 /* SystemConfiguration.framework in Frameworks */,
				DDE48E4E1993D79A00581DF9 /* QuartzCore.framework in Frameworks */,
				DDE48E4D1993D79400581DF9 /* OpenGLES.framework in Frameworks */,
				DDE48E4C1993D78F00581DF9 /* libz.dylib in Frameworks */,
				DDE48E4B1993D78800581DF9 /* libicucore.dylib in Frameworks */,
				DDE48E4A1993D77E00581DF9 /* libc++.dylib in Frameworks */,
				DDE48E491993D77400581DF9 /* ImageIO.framework in Frameworks */,
				DDE48E481993D76D00581DF9 /* GLKit.framework in Frameworks */,
				DDE48E471993D76600581DF9 /* CoreText.framework in Frameworks */,
				DDE48E461993D76000581DF9 /* CoreLocation.framework in Frameworks */,
				DDE48E451993D75900581DF9 /* CoreData.framework in Frameworks */,
				DDE48E441993D75100581DF9 /* AVFoundation.framework in Frameworks */,
				DDE48D161993CBD200581DF9 /* libGoogleAnalyticsServices.a in Frameworks */,
				DDDB04F519817DA00074DC96 /* CoreGraphics.framework in Frameworks */,
				DDE48E411993D6BD00581DF9 /* GoogleMaps.framework in Frameworks */,
				DDDB04F719817DA00074DC96 /* UIKit.framework in Frameworks */,
				DDDB04F319817DA00074DC96 /* Foundation.framework in Frameworks */,
			);
			runOnlyForDeploymentPostprocessing = 0;
		};
		DDDB050D19817DA00074DC96 /* Frameworks */ = {
			isa = PBXFrameworksBuildPhase;
			buildActionMask = 2147483647;
			files = (
				DDDB051219817DA00074DC96 /* XCTest.framework in Frameworks */,
				DDDB051419817DA00074DC96 /* UIKit.framework in Frameworks */,
				DDDB051319817DA00074DC96 /* Foundation.framework in Frameworks */,
			);
			runOnlyForDeploymentPostprocessing = 0;
		};
/* End PBXFrameworksBuildPhase section */

/* Begin PBXGroup section */
		DD1FD58C1989954E00ED6AEF /* img */ = {
			isa = PBXGroup;
			children = (
				DDDF002419C3FCC400D19EAA /* shuttleMarkers */,
				DDA1207D19B1718B0045C1B1 /* shuttleIcons */,
				DD0915E319B0B58200169C83 /* wfuLogo.png */,
				DD0915E419B0B58200169C83 /* wfuLogo@2x.png */,
				DDFC4D9C19A8C1DC0045CEAC /* RTWAppIcon-58.png */,
				DDFC4D9D19A8C1DC0045CEAC /* RTWAppIcon-80.png */,
				DDFC4D9E19A8C1DC0045CEAC /* RTWAppIcon-120.png */,
				DDFC4D9F19A8C1DC0045CEAC /* RTWAppIcon-1024.png */,
				DDDF002019C3F0DB00D19EAA /* RTWLaunchImage.png */,
				DDDF002119C3F0DB00D19EAA /* RTWLaunchImage@2x.png */,
			);
			path = img;
			sourceTree = "<group>";
		};
		DD74A1E4199287E40013DF4B /* Sub Classes */ = {
			isa = PBXGroup;
			children = (
				DDF0C6A2198841B3003DE935 /* RTWtimeTableViewCell.h */,
				DDF0C6A3198841B3003DE935 /* RTWtimeTableViewCell.m */,
				DDF0C65F1988200C003DE935 /* RTWrouteTableViewCell.h */,
				DDF0C6601988200C003DE935 /* RTWrouteTableViewCell.m */,
				DD0EB708198FE5DD00A238AB /* RTWrouteInformation.h */,
				DD0EB709198FE5DD00A238AB /* RTWrouteInformation.m */,
				DD8D668B19B4551A0030B6B8 /* RTWShuttleStop.h */,
				DD8D668C19B4551A0030B6B8 /* RTWShuttleStop.m */,
			);
			name = "Sub Classes";
			sourceTree = "<group>";
		};
		DD8D668419B444B60030B6B8 /* XML Delegates */ = {
			isa = PBXGroup;
			children = (
				DD8D668819B454FA0030B6B8 /* RTWShuttleStopsDelegate.h */,
				DD8D668919B454FA0030B6B8 /* RTWShuttleStopsDelegate.m */,
				DD8D668519B4450B0030B6B8 /* RTWShuttleInfoDelegate.h */,
				DD8D668619B4450B0030B6B8 /* RTWShuttleInfoDelegate.m */,
				DD8D668119B444490030B6B8 /* RTWShuttleCoordinatesDelegate.h */,
				DD8D668219B444490030B6B8 /* RTWShuttleCoordinatesDelegate.m */,
			);
			name = "XML Delegates";
			sourceTree = "<group>";
		};
		DDA1207D19B1718B0045C1B1 /* shuttleIcons */ = {
			isa = PBXGroup;
			children = (
				DDA1209A19B176E90045C1B1 /* downtownShuttleIcon.png */,
				DDA1209B19B176E90045C1B1 /* downtownShuttleIcon@2x.png */,
				DDA1209619B176420045C1B1 /* freshmenShuttleIcon.png */,
				DDA1209719B176420045C1B1 /* freshmenShuttleIcon@2x.png */,
				DDA1209219B175B40045C1B1 /* hanesShuttleIcon.png */,
				DDA1209319B175B40045C1B1 /* hanesShuttleIcon@2x.png */,
				DDA1208E19B174870045C1B1 /* goldShuttleIcon.png */,
				DDA1208F19B174870045C1B1 /* goldShuttleIcon@2x.png */,
				DDA1208A19B173E70045C1B1 /* grayShuttleIcon.png */,
				DDA1208B19B173E70045C1B1 /* grayShuttleIcon@2x.png */,
				DDA1208619B1735B0045C1B1 /* blackShuttleIcon.png */,
				DDA1208719B1735B0045C1B1 /* blackShuttleIcon@2x.png */,
			);
			name = shuttleIcons;
			sourceTree = "<group>";
		};
		DDDB04E619817DA00074DC96 = {
			isa = PBXGroup;
			children = (
				DDDB04F819817DA00074DC96 /* RideTheWake */,
				DDDB051719817DA00074DC96 /* RideTheWakeTests */,
				DDDB04F119817DA00074DC96 /* Frameworks */,
				DDDB04F019817DA00074DC96 /* Products */,
			);
			sourceTree = "<group>";
		};
		DDDB04F019817DA00074DC96 /* Products */ = {
			isa = PBXGroup;
			children = (
				DDDB04EF19817DA00074DC96 /* RideTheWake.app */,
				DDDB051019817DA00074DC96 /* RideTheWakeTests.xctest */,
			);
			name = Products;
			sourceTree = "<group>";
		};
		DDDB04F119817DA00074DC96 /* Frameworks */ = {
			isa = PBXGroup;
			children = (
				DD04098719A5DE390003476F /* libsqlite3.0.dylib */,
				DDE48D151993CBD200581DF9 /* libGoogleAnalyticsServices.a */,
				DDC0F5491986DE860090ED7D /* SystemConfiguration.framework */,
				DDC0F5471986DE7D0090ED7D /* QuartzCore.framework */,
				DDC0F5451986DE740090ED7D /* OpenGLES.framework */,
				DDC0F5431986DE6B0090ED7D /* libz.dylib */,
				DDE48E421993D6D900581DF9 /* GoogleMaps.bundle */,
				DDC0F5411986DE5F0090ED7D /* libicucore.dylib */,
				DDE48E401993D6BD00581DF9 /* GoogleMaps.framework */,
				DDC0F53F1986DE540090ED7D /* libc++.dylib */,
				DDC0F53D1986DE300090ED7D /* ImageIO.framework */,
				DDC0F53B1986DE260090ED7D /* GLKit.framework */,
				DDC0F5391986DE1D0090ED7D /* CoreText.framework */,
				DDC0F5371986DE130090ED7D /* CoreData.framework */,
				DDC0F5351986DE090090ED7D /* AVFoundation.framework */,
				DDDB052919817DB20074DC96 /* CoreLocation.framework */,
				DDDB052719817DAC0074DC96 /* MapKit.framework */,
				DDDB04F219817DA00074DC96 /* Foundation.framework */,
				DDDB04F419817DA00074DC96 /* CoreGraphics.framework */,
				DDDB04F619817DA00074DC96 /* UIKit.framework */,
				DDDB051119817DA00074DC96 /* XCTest.framework */,
			);
			name = Frameworks;
			sourceTree = "<group>";
		};
		DDDB04F819817DA00074DC96 /* RideTheWake */ = {
			isa = PBXGroup;
			children = (
				DDDB050119817DA00074DC96 /* RTWAppDelegate.h */,
				DDDB050219817DA00074DC96 /* RTWAppDelegate.m */,
				DDDB050419817DA00074DC96 /* Main.storyboard */,
				DDF0C662198821D4003DE935 /* RTWscheduleTableViewController.h */,
				DDF0C663198821D4003DE935 /* RTWscheduleTableViewController.m */,
				DDF0C65C198810CD003DE935 /* RTWmainTableViewController.h */,
				DDF0C65D198810CD003DE935 /* RTWmainTableViewController.m */,
				DDDB052B19817E170074DC96 /* RTWmapViewController.h */,
				DDDB052C19817E170074DC96 /* RTWmapViewController.m */,
				DD74A1E4199287E40013DF4B /* Sub Classes */,
				DD8D668419B444B60030B6B8 /* XML Delegates */,
				DDDF003919C4030200D19EAA /* Images.xcassets */,
				DD1FD58C1989954E00ED6AEF /* img */,
				DDE48D0A1993CAAA00581DF9 /* GA */,
				DDDB04F919817DA00074DC96 /* Supporting Files */,
			);
			path = RideTheWake;
			sourceTree = "<group>";
		};
		DDDB04F919817DA00074DC96 /* Supporting Files */ = {
			isa = PBXGroup;
			children = (
				DDDB04FA19817DA00074DC96 /* RideTheWake-Info.plist */,
				DDDB04FB19817DA00074DC96 /* InfoPlist.strings */,
				DDDB04FE19817DA00074DC96 /* main.m */,
				DDDB050019817DA00074DC96 /* RideTheWake-Prefix.pch */,
			);
			name = "Supporting Files";
			sourceTree = "<group>";
		};
		DDDB051719817DA00074DC96 /* RideTheWakeTests */ = {
			isa = PBXGroup;
			children = (
				DDDB051D19817DA00074DC96 /* RideTheWakeTests.m */,
				DDDB051819817DA00074DC96 /* Supporting Files */,
			);
			path = RideTheWakeTests;
			sourceTree = "<group>";
		};
		DDDB051819817DA00074DC96 /* Supporting Files */ = {
			isa = PBXGroup;
			children = (
				DDDB051919817DA00074DC96 /* RideTheWakeTests-Info.plist */,
				DDDB051A19817DA00074DC96 /* InfoPlist.strings */,
			);
			name = "Supporting Files";
			sourceTree = "<group>";
		};
		DDDF002419C3FCC400D19EAA /* shuttleMarkers */ = {
			isa = PBXGroup;
			children = (
				DDDF002519C3FCC400D19EAA /* blackShuttleMarker.png */,
				DDDF002619C3FCC400D19EAA /* downtownShuttleMarker.png */,
				DDDF002719C3FCC400D19EAA /* freshmenShuttleMarker.png */,
				DDDF002819C3FCC400D19EAA /* goldShuttleMarker.png */,
				DDDF002919C3FCC400D19EAA /* grayDayShuttleMarker.png */,
				DDDF002A19C3FCC400D19EAA /* grayNightShuttleMarker.png */,
				DDDF002B19C3FCC400D19EAA /* hanesShuttleMarker.png */,
			);
			path = shuttleMarkers;
			sourceTree = "<group>";
		};
		DDE48D0A1993CAAA00581DF9 /* GA */ = {
			isa = PBXGroup;
			children = (
				DDE48D0B1993CB8A00581DF9 /* GAI.h */,
				DDE48D0C1993CB8A00581DF9 /* GAIDictionaryBuilder.h */,
				DDE48D0D1993CB8A00581DF9 /* GAIEcommerceFields.h */,
				DDE48D0E1993CB8A00581DF9 /* GAIEcommerceProduct.h */,
				DDE48D0F1993CB8A00581DF9 /* GAIEcommerceProductAction.h */,
				DDE48D101993CB8A00581DF9 /* GAIEcommercePromotion.h */,
				DDE48D111993CB8A00581DF9 /* GAIFields.h */,
				DDE48D121993CB8A00581DF9 /* GAILogger.h */,
				DDE48D131993CB8A00581DF9 /* GAITrackedViewController.h */,
				DDE48D141993CB8A00581DF9 /* GAITracker.h */,
			);
			name = GA;
			sourceTree = "<group>";
		};
/* End PBXGroup section */

/* Begin PBXNativeTarget section */
		DDDB04EE19817DA00074DC96 /* RideTheWake */ = {
			isa = PBXNativeTarget;
			buildConfigurationList = DDDB052119817DA00074DC96 /* Build configuration list for PBXNativeTarget "RideTheWake" */;
			buildPhases = (
				DDDB04EB19817DA00074DC96 /* Sources */,
				DDDB04EC19817DA00074DC96 /* Frameworks */,
				DDDB04ED19817DA00074DC96 /* Resources */,
			);
			buildRules = (
			);
			dependencies = (
			);
			name = RideTheWake;
			productName = RideTheWake;
			productReference = DDDB04EF19817DA00074DC96 /* RideTheWake.app */;
			productType = "com.apple.product-type.application";
		};
		DDDB050F19817DA00074DC96 /* RideTheWakeTests */ = {
			isa = PBXNativeTarget;
			buildConfigurationList = DDDB052419817DA00074DC96 /* Build configuration list for PBXNativeTarget "RideTheWakeTests" */;
			buildPhases = (
				DDDB050C19817DA00074DC96 /* Sources */,
				DDDB050D19817DA00074DC96 /* Frameworks */,
				DDDB050E19817DA00074DC96 /* Resources */,
			);
			buildRules = (
			);
			dependencies = (
				DDDB051619817DA00074DC96 /* PBXTargetDependency */,
			);
			name = RideTheWakeTests;
			productName = RideTheWakeTests;
			productReference = DDDB051019817DA00074DC96 /* RideTheWakeTests.xctest */;
			productType = "com.apple.product-type.bundle.unit-test";
		};
/* End PBXNativeTarget section */

/* Begin PBXProject section */
		DDDB04E719817DA00074DC96 /* Project object */ = {
			isa = PBXProject;
			attributes = {
				CLASSPREFIX = RTW;
				LastUpgradeCheck = 0510;
				ORGANIZATIONNAME = "Nick Ladd";
				TargetAttributes = {
					DDDB04EE19817DA00074DC96 = {
						DevelopmentTeam = 2RRQN2V8G5;
					};
					DDDB050F19817DA00074DC96 = {
						TestTargetID = DDDB04EE19817DA00074DC96;
					};
				};
			};
			buildConfigurationList = DDDB04EA19817DA00074DC96 /* Build configuration list for PBXProject "RideTheWake" */;
			compatibilityVersion = "Xcode 3.2";
			developmentRegion = English;
			hasScannedForEncodings = 0;
			knownRegions = (
				en,
				Base,
				ar,
				ca,
				cs,
				da,
				de,
				el,
				en_GB,
				es,
				fi,
				fr,
				he,
				hr,
				hu,
				id,
				it,
				ja,
				ko,
				ms,
				nl,
				no,
				pl,
				pt,
				pt_PT,
				ro,
				ru,
				sk,
				sv,
				th,
				tr,
				uk,
				vi,
				zh_CN,
				zh_TW,
			);
			mainGroup = DDDB04E619817DA00074DC96;
			productRefGroup = DDDB04F019817DA00074DC96 /* Products */;
			projectDirPath = "";
			projectRoot = "";
			targets = (
				DDDB04EE19817DA00074DC96 /* RideTheWake */,
				DDDB050F19817DA00074DC96 /* RideTheWakeTests */,
			);
		};
/* End PBXProject section */

/* Begin PBXResourcesBuildPhase section */
		DDDB04ED19817DA00074DC96 /* Resources */ = {
			isa = PBXResourcesBuildPhase;
			buildActionMask = 2147483647;
			files = (
				DDA1208919B1735B0045C1B1 /* blackShuttleIcon@2x.png in Resources */,
				DD0915E619B0B58200169C83 /* wfuLogo@2x.png in Resources */,
				DDFC4DA219A8C1DC0045CEAC /* RTWAppIcon-120.png in Resources */,
				DDDF003019C3FCC400D19EAA /* grayDayShuttleMarker.png in Resources */,
				DDA1209D19B176E90045C1B1 /* downtownShuttleIcon@2x.png in Resources */,
				DDDF003A19C4030200D19EAA /* Images.xcassets in Resources */,
				DDDF002319C3F0DB00D19EAA /* RTWLaunchImage@2x.png in Resources */,
				DDE48E431993D6D900581DF9 /* GoogleMaps.bundle in Resources */,
				DDA1209119B174870045C1B1 /* goldShuttleIcon@2x.png in Resources */,
				DDDF002D19C3FCC400D19EAA /* downtownShuttleMarker.png in Resources */,
				DDFC4DA019A8C1DC0045CEAC /* RTWAppIcon-58.png in Resources */,
				DDDF002E19C3FCC400D19EAA /* freshmenShuttleMarker.png in Resources */,
				DDA1209C19B176E90045C1B1 /* downtownShuttleIcon.png in Resources */,
				DDDF002C19C3FCC400D19EAA /* blackShuttleMarker.png in Resources */,
				DDA1209519B175B40045C1B1 /* hanesShuttleIcon@2x.png in Resources */,
				DDDB04FD19817DA00074DC96 /* InfoPlist.strings in Resources */,
				DDA1209419B175B40045C1B1 /* hanesShuttleIcon.png in Resources */,
				DD0915E519B0B58200169C83 /* wfuLogo.png in Resources */,
				DDDF003119C3FCC400D19EAA /* grayNightShuttleMarker.png in Resources */,
				DDA1208819B1735B0045C1B1 /* blackShuttleIcon.png in Resources */,
				DDA1208C19B173E70045C1B1 /* grayShuttleIcon.png in Resources */,
				DDA1209919B176420045C1B1 /* freshmenShuttleIcon@2x.png in Resources */,
				DDDF002219C3F0DB00D19EAA /* RTWLaunchImage.png in Resources */,
				DDFC4DA319A8C1DC0045CEAC /* RTWAppIcon-1024.png in Resources */,
				DDFC4DA119A8C1DC0045CEAC /* RTWAppIcon-80.png in Resources */,
				DDA1209819B176420045C1B1 /* freshmenShuttleIcon.png in Resources */,
				DDA1208D19B173E70045C1B1 /* grayShuttleIcon@2x.png in Resources */,
				DDA1209019B174870045C1B1 /* goldShuttleIcon.png in Resources */,
				DDDB050619817DA00074DC96 /* Main.storyboard in Resources */,
				DDDF002F19C3FCC400D19EAA /* goldShuttleMarker.png in Resources */,
				DDDF003219C3FCC400D19EAA /* hanesShuttleMarker.png in Resources */,
			);
			runOnlyForDeploymentPostprocessing = 0;
		};
		DDDB050E19817DA00074DC96 /* Resources */ = {
			isa = PBXResourcesBuildPhase;
			buildActionMask = 2147483647;
			files = (
				DDDB051C19817DA00074DC96 /* InfoPlist.strings in Resources */,
			);
			runOnlyForDeploymentPostprocessing = 0;
		};
/* End PBXResourcesBuildPhase section */

/* Begin PBXSourcesBuildPhase section */
		DDDB04EB19817DA00074DC96 /* Sources */ = {
			isa = PBXSourcesBuildPhase;
			buildActionMask = 2147483647;
			files = (
				DD8D668719B4450B0030B6B8 /* RTWShuttleInfoDelegate.m in Sources */,
				DD8D668A19B454FA0030B6B8 /* RTWShuttleStopsDelegate.m in Sources */,
				DDF0C65E198810CD003DE935 /* RTWmainTableViewController.m in Sources */,
				DDF0C6611988200C003DE935 /* RTWrouteTableViewCell.m in Sources */,
				DD8D668319B444490030B6B8 /* RTWShuttleCoordinatesDelegate.m in Sources */,
				DD0EB70A198FE5DD00A238AB /* RTWrouteInformation.m in Sources */,
				DDF0C664198821D4003DE935 /* RTWscheduleTableViewController.m in Sources */,
				DD8D668D19B4551A0030B6B8 /* RTWShuttleStop.m in Sources */,
				DDDB052D19817E170074DC96 /* RTWmapViewController.m in Sources */,
				DDF0C6A4198841B3003DE935 /* RTWtimeTableViewCell.m in Sources */,
				DDDB050319817DA00074DC96 /* RTWAppDelegate.m in Sources */,
				DDDB04FF19817DA00074DC96 /* main.m in Sources */,
			);
			runOnlyForDeploymentPostprocessing = 0;
		};
		DDDB050C19817DA00074DC96 /* Sources */ = {
			isa = PBXSourcesBuildPhase;
			buildActionMask = 2147483647;
			files = (
				DDDB051E19817DA00074DC96 /* RideTheWakeTests.m in Sources */,
			);
			runOnlyForDeploymentPostprocessing = 0;
		};
/* End PBXSourcesBuildPhase section */

/* Begin PBXTargetDependency section */
		DDDB051619817DA00074DC96 /* PBXTargetDependency */ = {
			isa = PBXTargetDependency;
			target = DDDB04EE19817DA00074DC96 /* RideTheWake */;
			targetProxy = DDDB051519817DA00074DC96 /* PBXContainerItemProxy */;
		};
/* End PBXTargetDependency section */

/* Begin PBXVariantGroup section */
		DDDB04FB19817DA00074DC96 /* InfoPlist.strings */ = {
			isa = PBXVariantGroup;
			children = (
				DDDB04FC19817DA00074DC96 /* en */,
			);
			name = InfoPlist.strings;
			sourceTree = "<group>";
		};
		DDDB050419817DA00074DC96 /* Main.storyboard */ = {
			isa = PBXVariantGroup;
			children = (
				DDDB050519817DA00074DC96 /* Base */,
			);
			name = Main.storyboard;
			sourceTree = "<group>";
		};
		DDDB051A19817DA00074DC96 /* InfoPlist.strings */ = {
			isa = PBXVariantGroup;
			children = (
				DDDB051B19817DA00074DC96 /* en */,
			);
			name = InfoPlist.strings;
			sourceTree = "<group>";
		};
/* End PBXVariantGroup section */

/* Begin XCBuildConfiguration section */
		DDDB051F19817DA00074DC96 /* Debug */ = {
			isa = XCBuildConfiguration;
			buildSettings = {
				ALWAYS_SEARCH_USER_PATHS = NO;
				CLANG_CXX_LANGUAGE_STANDARD = "gnu++0x";
				CLANG_CXX_LIBRARY = "libc++";
				CLANG_ENABLE_MODULES = YES;
				CLANG_ENABLE_OBJC_ARC = YES;
				CLANG_WARN_BOOL_CONVERSION = YES;
				CLANG_WARN_CONSTANT_CONVERSION = YES;
				CLANG_WARN_DIRECT_OBJC_ISA_USAGE = YES_ERROR;
				CLANG_WARN_EMPTY_BODY = YES;
				CLANG_WARN_ENUM_CONVERSION = YES;
				CLANG_WARN_INT_CONVERSION = YES;
				CLANG_WARN_OBJC_ROOT_CLASS = YES_ERROR;
				CLANG_WARN__DUPLICATE_METHOD_MATCH = YES;
				"CODE_SIGN_IDENTITY[sdk=iphoneos*]" = "iPhone Developer";
				COPY_PHASE_STRIP = NO;
				GCC_C_LANGUAGE_STANDARD = gnu99;
				GCC_DYNAMIC_NO_PIC = NO;
				GCC_OPTIMIZATION_LEVEL = 0;
				GCC_PREPROCESSOR_DEFINITIONS = (
					"DEBUG=1",
					"$(inherited)",
				);
				GCC_SYMBOLS_PRIVATE_EXTERN = NO;
				GCC_WARN_64_TO_32_BIT_CONVERSION = YES;
				GCC_WARN_ABOUT_RETURN_TYPE = YES_ERROR;
				GCC_WARN_UNDECLARED_SELECTOR = YES;
				GCC_WARN_UNINITIALIZED_AUTOS = YES_AGGRESSIVE;
				GCC_WARN_UNUSED_FUNCTION = YES;
				GCC_WARN_UNUSED_VARIABLE = YES;
				IPHONEOS_DEPLOYMENT_TARGET = 7.1;
				ONLY_ACTIVE_ARCH = YES;
				"OTHER_LDFLAGS[arch=*]" = "-ObjC";
				SDKROOT = iphoneos;
			};
			name = Debug;
		};
		DDDB052019817DA00074DC96 /* Release */ = {
			isa = XCBuildConfiguration;
			buildSettings = {
				ALWAYS_SEARCH_USER_PATHS = NO;
				CLANG_CXX_LANGUAGE_STANDARD = "gnu++0x";
				CLANG_CXX_LIBRARY = "libc++";
				CLANG_ENABLE_MODULES = YES;
				CLANG_ENABLE_OBJC_ARC = YES;
				CLANG_WARN_BOOL_CONVERSION = YES;
				CLANG_WARN_CONSTANT_CONVERSION = YES;
				CLANG_WARN_DIRECT_OBJC_ISA_USAGE = YES_ERROR;
				CLANG_WARN_EMPTY_BODY = YES;
				CLANG_WARN_ENUM_CONVERSION = YES;
				CLANG_WARN_INT_CONVERSION = YES;
				CLANG_WARN_OBJC_ROOT_CLASS = YES_ERROR;
				CLANG_WARN__DUPLICATE_METHOD_MATCH = YES;
				"CODE_SIGN_IDENTITY[sdk=iphoneos*]" = "iPhone Developer";
				COPY_PHASE_STRIP = YES;
				ENABLE_NS_ASSERTIONS = NO;
				GCC_C_LANGUAGE_STANDARD = gnu99;
				GCC_WARN_64_TO_32_BIT_CONVERSION = YES;
				GCC_WARN_ABOUT_RETURN_TYPE = YES_ERROR;
				GCC_WARN_UNDECLARED_SELECTOR = YES;
				GCC_WARN_UNINITIALIZED_AUTOS = YES_AGGRESSIVE;
				GCC_WARN_UNUSED_FUNCTION = YES;
				GCC_WARN_UNUSED_VARIABLE = YES;
				IPHONEOS_DEPLOYMENT_TARGET = 7.1;
				"OTHER_LDFLAGS[arch=*]" = "-ObjC";
				SDKROOT = iphoneos;
				VALIDATE_PRODUCT = YES;
			};
			name = Release;
		};
		DDDB052219817DA00074DC96 /* Debug */ = {
			isa = XCBuildConfiguration;
			buildSettings = {
				ASSETCATALOG_COMPILER_APPICON_NAME = AppIcon;
				ASSETCATALOG_COMPILER_LAUNCHIMAGE_NAME = LaunchImage;
				CODE_SIGN_IDENTITY = "iPhone Developer";
				FRAMEWORK_SEARCH_PATHS = (
					"$(inherited)",
					"/Users/nladd/Downloads/GoogleMaps-iOS-1.8.1",
					"$(PROJECT_DIR)/RideTheWake",
					"$(PROJECT_DIR)",
					"$(PROJECT_DIR)/GoogleMaps-iOS-1.8.1",
					"$(PROJECT_DIR)/GoogleMaps-iOS-1.8.1/GoogleMapsSDKDemos",
				);
				GCC_PRECOMPILE_PREFIX_HEADER = YES;
				GCC_PREFIX_HEADER = "RideTheWake/RideTheWake-Prefix.pch";
				INFOPLIST_FILE = "RideTheWake/RideTheWake-Info.plist";
				IPHONEOS_DEPLOYMENT_TARGET = 7.0;
				LIBRARY_SEARCH_PATHS = (
					"$(inherited)",
					"$(PROJECT_DIR)",
				);
				PRODUCT_NAME = "$(TARGET_NAME)";
				WRAPPER_EXTENSION = app;
			};
			name = Debug;
		};
		DDDB052319817DA00074DC96 /* Release */ = {
			isa = XCBuildConfiguration;
			buildSettings = {
				ASSETCATALOG_COMPILER_APPICON_NAME = AppIcon;
				ASSETCATALOG_COMPILER_LAUNCHIMAGE_NAME = LaunchImage;
				CODE_SIGN_IDENTITY = "iPhone Developer";
				FRAMEWORK_SEARCH_PATHS = (
					"$(inherited)",
					"/Users/nladd/Downloads/GoogleMaps-iOS-1.8.1",
					"$(PROJECT_DIR)/RideTheWake",
					"$(PROJECT_DIR)",
					"$(PROJECT_DIR)/GoogleMaps-iOS-1.8.1",
					"$(PROJECT_DIR)/GoogleMaps-iOS-1.8.1/GoogleMapsSDKDemos",
				);
				GCC_PRECOMPILE_PREFIX_HEADER = YES;
				GCC_PREFIX_HEADER = "RideTheWake/RideTheWake-Prefix.pch";
				INFOPLIST_FILE = "RideTheWake/RideTheWake-Info.plist";
				IPHONEOS_DEPLOYMENT_TARGET = 7.0;
				LIBRARY_SEARCH_PATHS = (
					"$(inherited)",
					"$(PROJECT_DIR)",
				);
				PRODUCT_NAME = "$(TARGET_NAME)";
				WRAPPER_EXTENSION = app;
			};
			name = Release;
		};
		DDDB052519817DA00074DC96 /* Debug */ = {
			isa = XCBuildConfiguration;
			buildSettings = {
				BUNDLE_LOADER = "$(BUILT_PRODUCTS_DIR)/RideTheWake.app/RideTheWake";
				FRAMEWORK_SEARCH_PATHS = (
					"$(SDKROOT)/Developer/Library/Frameworks",
					"$(inherited)",
					"$(DEVELOPER_FRAMEWORKS_DIR)",
				);
				GCC_PRECOMPILE_PREFIX_HEADER = YES;
				GCC_PREFIX_HEADER = "RideTheWake/RideTheWake-Prefix.pch";
				GCC_PREPROCESSOR_DEFINITIONS = (
					"DEBUG=1",
					"$(inherited)",
				);
				INFOPLIST_FILE = "RideTheWakeTests/RideTheWakeTests-Info.plist";
				PRODUCT_NAME = "$(TARGET_NAME)";
				TEST_HOST = "$(BUNDLE_LOADER)";
				WRAPPER_EXTENSION = xctest;
			};
			name = Debug;
		};
		DDDB052619817DA00074DC96 /* Release */ = {
			isa = XCBuildConfiguration;
			buildSettings = {
				BUNDLE_LOADER = "$(BUILT_PRODUCTS_DIR)/RideTheWake.app/RideTheWake";
				FRAMEWORK_SEARCH_PATHS = (
					"$(SDKROOT)/Developer/Library/Frameworks",
					"$(inherited)",
					"$(DEVELOPER_FRAMEWORKS_DIR)",
				);
				GCC_PRECOMPILE_PREFIX_HEADER = YES;
				GCC_PREFIX_HEADER = "RideTheWake/RideTheWake-Prefix.pch";
				INFOPLIST_FILE = "RideTheWakeTests/RideTheWakeTests-Info.plist";
				PRODUCT_NAME = "$(TARGET_NAME)";
				TEST_HOST = "$(BUNDLE_LOADER)";
				WRAPPER_EXTENSION = xctest;
			};
			name = Release;
		};
/* End XCBuildConfiguration section */

/* Begin XCConfigurationList section */
		DDDB04EA19817DA00074DC96 /* Build configuration list for PBXProject "RideTheWake" */ = {
			isa = XCConfigurationList;
			buildConfigurations = (
				DDDB051F19817DA00074DC96 /* Debug */,
				DDDB052019817DA00074DC96 /* Release */,
			);
			defaultConfigurationIsVisible = 0;
			defaultConfigurationName = Release;
		};
		DDDB052119817DA00074DC96 /* Build configuration list for PBXNativeTarget "RideTheWake" */ = {
			isa = XCConfigurationList;
			buildConfigurations = (
				DDDB052219817DA00074DC96 /* Debug */,
				DDDB052319817DA00074DC96 /* Release */,
			);
			defaultConfigurationIsVisible = 0;
			defaultConfigurationName = Release;
		};
		DDDB052419817DA00074DC96 /* Build configuration list for PBXNativeTarget "RideTheWakeTests" */ = {
			isa = XCConfigurationList;
			buildConfigurations = (
				DDDB052519817DA00074DC96 /* Debug */,
				DDDB052619817DA00074DC96 /* Release */,
			);
			defaultConfigurationIsVisible = 0;
			defaultConfigurationName = Release;
		};
/* End XCConfigurationList section */
	};
	rootObject = DDDB04E719817DA00074DC96 /* Project object */;
}
